# THIS IS AN AUTOGENERATED FILE. DO NOT EDIT THIS FILE DIRECTLY.
# yarn lockfile v1


"@prisma/client@^3.14.0":
  version "3.15.2"
  resolved "https://registry.yarnpkg.com/@prisma/client/-/client-3.15.2.tgz#2181398147afc79bfe0d83c03a88dc45b49bd365"
  integrity sha512-ErqtwhX12ubPhU4d++30uFY/rPcyvjk+mdifaZO5SeM21zS3t4jQrscy8+6IyB0GIYshl5ldTq6JSBo1d63i8w==
  dependencies:
    "@prisma/engines-version" "3.15.1-1.461d6a05159055555eb7dfb337c9fb271cbd4d7e"

"@prisma/engines-version@3.15.1-1.461d6a05159055555eb7dfb337c9fb271cbd4d7e":
  version "3.15.1-1.461d6a05159055555eb7dfb337c9fb271cbd4d7e"
  resolved "https://registry.yarnpkg.com/@prisma/engines-version/-/engines-version-3.15.1-1.461d6a05159055555eb7dfb337c9fb271cbd4d7e.tgz#bf5e2373ca68ce7556b967cb4965a7095e93fe53"
  integrity sha512-e3k2Vd606efd1ZYy2NQKkT4C/pn31nehyLhVug6To/q8JT8FpiMrDy7zmm3KLF0L98NOQQcutaVtAPhzKhzn9w==

"@prisma/engines@3.15.1-1.461d6a05159055555eb7dfb337c9fb271cbd4d7e":
  version "3.15.1-1.461d6a05159055555eb7dfb337c9fb271cbd4d7e"
  resolved "https://registry.yarnpkg.com/@prisma/engines/-/engines-3.15.1-1.461d6a05159055555eb7dfb337c9fb271cbd4d7e.tgz#f691893df506b93e3cb1ccc15ec6e5ac64e8e570"
  integrity sha512-NHlojO1DFTsSi3FtEleL9QWXeSF/UjhCW0fgpi7bumnNZ4wj/eQ+BJJ5n2pgoOliTOGv9nX2qXvmHap7rJMNmg==

"@types/aws-lambda@^8.10.95":
  version "8.10.102"
  resolved "https://registry.yarnpkg.com/@types/aws-lambda/-/aws-lambda-8.10.102.tgz#d2402224ec30cdddfb669005c25b6ee01fd6f5be"
  integrity sha512-BT05v46n9KtSHa9SgGuOvm49eSruJ9utD8iNXpdpuUVYk8wOcqmm1LEzpNRkrXxD0CULc38sdLpk6q3Wa2WOwg==

"@types/node@^14":
  version "14.18.23"
  resolved "https://registry.yarnpkg.com/@types/node/-/node-14.18.23.tgz#70f5f20b0b1b38f696848c1d3647bb95694e615e"
  integrity sha512-MhbCWN18R4GhO8ewQWAFK4TGQdBpXWByukz7cWyJmXhvRuCIaM/oWytGPqVmDzgEnnaIc9ss6HbU5mUi+vyZPA==

ansi-styles@^4.1.0:
  version "4.3.0"
  resolved "https://registry.yarnpkg.com/ansi-styles/-/ansi-styles-4.3.0.tgz#edd803628ae71c04c85ae7a0906edad34b648937"
  integrity sha512-zbB9rCJAT1rbjiVDb2hqKFHNYLxgtk8NURxZ3IZwD3F6NtxbXZQCnnSi1Lkx+IDohdPlFp222wVALIheZJQSEg==
  dependencies:
    color-convert "^2.0.1"

chalk@^4.1.2:
  version "4.1.2"
  resolved "https://registry.yarnpkg.com/chalk/-/chalk-4.1.2.tgz#aac4e2b7734a740867aeb16bf02aad556a1e7a01"
  integrity sha512-oKnbhFyRIXpUuez8iBMmyEa4nbj4IOQyuhc/wy9kY7/WVPcwIO9VA668Pu8RkO7+0G76SLROeyw9CpQ061i4mA==
  dependencies:
    ansi-styles "^4.1.0"
    supports-color "^7.1.0"

color-convert@^2.0.1:
  version "2.0.1"
  resolved "https://registry.yarnpkg.com/color-convert/-/color-convert-2.0.1.tgz#72d3a68d598c9bdb3af2ad1e84f21d896abd4de3"
  integrity sha512-RRECPsj7iu/xb5oKYcsFHSppFNnsj/52OVTRKb4zP5onXwVF3zVmmToNcOfGC+CRDpfK/U584fMg38ZHCaElKQ==
  dependencies:
    color-name "~1.1.4"

color-name@~1.1.4:
  version "1.1.4"
  resolved "https://registry.yarnpkg.com/color-name/-/color-name-1.1.4.tgz#c2a09a87acbde69543de6f63fa3995c826c536a2"
  integrity sha512-dOy+3AuW3a2wNbZHIuMZpTcgjGuLU/uBL/ubcZF9OXbDo8ff4O8yVp5Bf0efS8uEoYo5q4Fx7dY9OgQGXgAsQA==

has-flag@^4.0.0:
  version "4.0.0"
  resolved "https://registry.yarnpkg.com/has-flag/-/has-flag-4.0.0.tgz#944771fd9c81c81265c4d6941860da06bb59479b"
  integrity sha512-EykJT/Q1KjTWctppgIAgfSO0tKVuZUjhgMr17kqTumMl6Afv3EISleU7qZUzoXDFTAHTDC4NOoG/ZxU3EvlMPQ==

lambda-api@^0.11.1:
  version "0.11.2"
  resolved "https://registry.yarnpkg.com/lambda-api/-/lambda-api-0.11.2.tgz#32a27a95983100cc1d7a5dd2aaef6c0f9bc3960b"
  integrity sha512-4LPthd9sg3RdeNul+vz7XDmjqR/RW+Mr+4w857IgVcdcl5UqDzZbK+fxB7dH7HYQoERIusXuzUU/bolZed+agw==

prisma@^3.14.0:
  version "3.15.2"
  resolved "https://registry.yarnpkg.com/prisma/-/prisma-3.15.2.tgz#4ebe32fb284da3ac60c49fbc16c75e56ecf32067"
  integrity sha512-nMNSMZvtwrvoEQ/mui8L/aiCLZRCj5t6L3yujKpcDhIPk7garp8tL4nMx2+oYsN0FWBacevJhazfXAbV1kfBzA==
  dependencies:
    "@prisma/engines" "3.15.1-1.461d6a05159055555eb7dfb337c9fb271cbd4d7e"

supports-color@^7.1.0:
  version "7.2.0"
  resolved "https://registry.yarnpkg.com/supports-color/-/supports-color-7.2.0.tgz#1b7dcdcb32b8138801b3e478ba6a51caa89648da"
  integrity sha512-qpCAvRl9stuOHveKsn7HncJRvv501qIacKzQlO/+Lwxc9+0q2wLyv4Dfvt80/DPn2pqOBsJdDiogXGR9+OvwRw==
  dependencies:
    has-flag "^4.0.0"

typescript@^4.6.3:
  version "4.7.4"
  resolved "https://registry.yarnpkg.com/typescript/-/typescript-4.7.4.tgz#1a88596d1cf47d59507a1bcdfb5b9dfe4d488235"
  integrity sha512-C0WQT0gezHuw6AdY1M2jxUO83Rjf0HP7Sk1DtXj6j1EwkQNZrHAg2XPWlq62oqEhYvONq5pkC2Y9oPljWToLmQ==
